
Microsoft Visual Studio Solution File, Format Version 12.00
# Visual Studio Version 17
VisualStudioVersion = 17.1.32328.378
MinimumVisualStudioVersion = 10.0.40219.1
Project("{F184B08F-C81C-45F6-A57F-5ABD9991F28F}") = "cis311HW10", "cis311HW10.vbproj", "{2920CD0F-2FBC-436B-B0DF-C1C7840583D4}"
EndProject
Global
	GlobalSection(SolutionConfigurationPlatforms) = preSolution
		Debug|Any CPU = Debug|Any CPU
		Release|Any CPU = Release|Any CPU
	EndGlobalSection
	GlobalSection(ProjectConfigurationPlatforms) = postSolution
		{2920CD0F-2FBC-436B-B0DF-C1C7840583D4}.Debug|Any CPU.ActiveCfg = Debug|Any CPU
		{2920CD0F-2FBC-436B-B0DF-C1C7840583D4}.Debug|Any CPU.Build.0 = Debug|Any CPU
		{2920CD0F-2FBC-436B-B0DF-C1C7840583D4}.Release|Any CPU.ActiveCfg = Release|Any CPU
		{2920CD0F-2FBC-436B-B0DF-C1C7840583D4}.Release|Any CPU.Build.0 = Release|Any CPU
	EndGlobalSection
	GlobalSection(SolutionProperties) = preSolution
		HideSolutionNode = FALSE
	EndGlobalSection
	GlobalSection(ExtensibilityGlobals) = postSolution
		SolutionGuid = {689C2E7F-C472-4F08-9419-C8A17EC2C5B2}
	EndGlobalSection
EndGlobal
